// !$*UTF8*$!
{
	archiveVersion = 1;
	classes = {
	};
	objectVersion = 46;
	objects = {

/* Begin PBXBuildFile section */
		4FB48D93144B577F00B026CB /* UIKit.framework in Frameworks */ = {isa = PBXBuildFile; fileRef = 4FB48D92144B577F00B026CB /* UIKit.framework */; };
		4FB48D95144B577F00B026CB /* Foundation.framework in Frameworks */ = {isa = PBXBuildFile; fileRef = 4FB48D94144B577F00B026CB /* Foundation.framework */; };
		4FB48D97144B577F00B026CB /* CoreGraphics.framework in Frameworks */ = {isa = PBXBuildFile; fileRef = 4FB48D96144B577F00B026CB /* CoreGraphics.framework */; };
		4FB48D9D144B577F00B026CB /* InfoPlist.strings in Resources */ = {isa = PBXBuildFile; fileRef = 4FB48D9B144B577F00B026CB /* InfoPlist.strings */; };
		4FB48D9F144B577F00B026CB /* main.m in Sources */ = {isa = PBXBuildFile; fileRef = 4FB48D9E144B577F00B026CB /* main.m */; };
		4FB48DA3144B577F00B026CB /* Glitch_Avatar_DemoAppDelegate.m in Sources */ = {isa = PBXBuildFile; fileRef = 4FB48DA2144B577F00B026CB /* Glitch_Avatar_DemoAppDelegate.m */; };
		4FB48DA6144B577F00B026CB /* MainWindow.xib in Resources */ = {isa = PBXBuildFile; fileRef = 4FB48DA4144B577F00B026CB /* MainWindow.xib */; };
		4FB48DA9144B577F00B026CB /* Glitch_Avatar_DemoViewController.m in Sources */ = {isa = PBXBuildFile; fileRef = 4FB48DA8144B577F00B026CB /* Glitch_Avatar_DemoViewController.m */; };
		4FB48DAC144B577F00B026CB /* Glitch_Avatar_DemoViewController.xib in Resources */ = {isa = PBXBuildFile; fileRef = 4FB48DAA144B577F00B026CB /* Glitch_Avatar_DemoViewController.xib */; };
/* End PBXBuildFile section */

/* Begin PBXFileReference section */
		4FB48D8E144B577F00B026CB /* Glitch Avatar Demo.app */ = {isa = PBXFileReference; explicitFileType = wrapper.application; includeInIndex = 0; path = "Glitch Avatar Demo.app"; sourceTree = BUILT_PRODUCTS_DIR; };
		4FB48D92144B577F00B026CB /* UIKit.framework */ = {isa = PBXFileReference; lastKnownFileType = wrapper.framework; name = UIKit.framework; path = System/Library/Frameworks/UIKit.framework; sourceTree = SDKROOT; };
		4FB48D94144B577F00B026CB /* Foundation.framework */ = {isa = PBXFileReference; lastKnownFileType = wrapper.framework; name = Foundation.framework; path = System/Library/Frameworks/Foundation.framework; sourceTree = SDKROOT; };
		4FB48D96144B577F00B026CB /* CoreGraphics.framework */ = {isa = PBXFileReference; lastKnownFileType = wrapper.framework; name = CoreGraphics.framework; path = System/Library/Frameworks/CoreGraphics.framework; sourceTree = SDKROOT; };
		4FB48D9A144B577F00B026CB /* Glitch Avatar Demo-Info.plist */ = {isa = PBXFileReference; path = "Glitch Avatar Demo-Info.plist"; sourceTree = "<group>"; };
		4FB48D9C144B577F00B026CB /* en */ = {isa = PBXFileReference; lastKnownFileType = text.plist.strings; name = en; path = en.lproj/InfoPlist.strings; sourceTree = "<group>"; };
		4FB48D9E144B577F00B026CB /* main.m */ = {isa = PBXFileReference; lastKnownFileType = sourcecode.c.objc; path = main.m; sourceTree = "<group>"; };
		4FB48DA0144B577F00B026CB /* Glitch Avatar Demo-Prefix.pch */ = {isa = PBXFileReference; path = "Glitch Avatar Demo-Prefix.pch"; sourceTree = "<group>"; };
		4FB48DA1144B577F00B026CB /* Glitch_Avatar_DemoAppDelegate.h */ = {isa = PBXFileReference; path = Glitch_Avatar_DemoAppDelegate.h; sourceTree = "<group>"; };
		4FB48DA2144B577F00B026CB /* Glitch_Avatar_DemoAppDelegate.m */ = {isa = PBXFileReference; lastKnownFileType = sourcecode.c.objc; path = Glitch_Avatar_DemoAppDelegate.m; sourceTree = "<group>"; };
		4FB48DA5144B577F00B026CB /* en */ = {isa = PBXFileReference; lastKnownFileType = file.xib; name = en; path = en.lproj/MainWindow.xib; sourceTree = "<group>"; };
		4FB48DA7144B577F00B026CB /* Glitch_Avatar_DemoViewController.h */ = {isa = PBXFileReference; path = Glitch_Avatar_DemoViewController.h; sourceTree = "<group>"; };
		4FB48DA8144B577F00B026CB /* Glitch_Avatar_DemoViewController.m */ = {isa = PBXFileReference; lastKnownFileType = sourcecode.c.objc; path = Glitch_Avatar_DemoViewController.m; sourceTree = "<group>"; };
		4FB48DAB144B577F00B026CB /* en */ = {isa = PBXFileReference; lastKnownFileType = file.xib; name = en; path = en.lproj/Glitch_Avatar_DemoViewController.xib; sourceTree = "<group>"; };
/* End PBXFileReference section */

/* Begin PBXFrameworksBuildPhase section */
		4FB48D8B144B577F00B026CB /* Frameworks */ = {
			isa = PBXFrameworksBuildPhase;
			buildActionMask = 2147483647;
			files = (
				4FB48D93144B577F00B026CB /* UIKit.framework in Frameworks */,
				4FB48D95144B577F00B026CB /* Foundation.framework in Frameworks */,
				4FB48D97144B577F00B026CB /* CoreGraphics.framework in Frameworks */,
			);
			runOnlyForDeploymentPostprocessing = 0;
		};
/* End PBXFrameworksBuildPhase section */

/* Begin PBXGroup section */
		4FB48D83144B577F00B026CB = {
			isa = PBXGroup;
			children = (
				4FB48D98144B577F00B026CB /* Glitch Avatar Demo */,
				4FB48D91144B577F00B026CB /* Frameworks */,
				4FB48D8F144B577F00B026CB /* Products */,
			);
			sourceTree = "<group>";
		};
		4FB48D8F144B577F00B026CB /* Products */ = {
			isa = PBXGroup;
			children = (
				4FB48D8E144B577F00B026CB /* Glitch Avatar Demo.app */,
			);
			name = Products;
			sourceTree = "<group>";
		};
		4FB48D91144B577F00B026CB /* Frameworks */ = {
			isa = PBXGroup;
			children = (
				4FB48D92144B577F00B026CB /* UIKit.framework */,
				4FB48D94144B577F00B026CB /* Foundation.framework */,
				4FB48D96144B577F00B026CB /* CoreGraphics.framework */,
			);
			name = Frameworks;
			sourceTree = "<group>";
		};
		4FB48D98144B577F00B026CB /* Glitch Avatar Demo */ = {
			isa = PBXGroup;
			children = (
				4FB48DA1144B577F00B026CB /* Glitch_Avatar_DemoAppDelegate.h */,
				4FB48DA2144B577F00B026CB /* Glitch_Avatar_DemoAppDelegate.m */,
				4FB48DA4144B577F00B026CB /* MainWindow.xib */,
				4FB48DA7144B577F00B026CB /* Glitch_Avatar_DemoViewController.h */,
				4FB48DA8144B577F00B026CB /* Glitch_Avatar_DemoViewController.m */,
				4FB48DAA144B577F00B026CB /* Glitch_Avatar_DemoViewController.xib */,
				4FB48D99144B577F00B026CB /* Supporting Files */,
			);
			path = "Glitch Avatar Demo";
			sourceTree = "<group>";
		};
		4FB48D99144B577F00B026CB /* Supporting Files */ = {
			isa = PBXGroup;
			children = (
				4FB48D9A144B577F00B026CB /* Glitch Avatar Demo-Info.plist */,
				4FB48D9B144B577F00B026CB /* InfoPlist.strings */,
				4FB48D9E144B577F00B026CB /* main.m */,
				4FB48DA0144B577F00B026CB /* Glitch Avatar Demo-Prefix.pch */,
			);
			name = "Supporting Files";
			sourceTree = "<group>";
		};
/* End PBXGroup section */

/* Begin PBXNativeTarget section */
		4FB48D8D144B577F00B026CB /* Glitch Avatar Demo */ = {
			isa = PBXNativeTarget;
			buildConfigurationList = 4FB48DAF144B577F00B026CB /* Build configuration list for PBXNativeTarget "Glitch Avatar Demo" */;
			buildPhases = (
				4FB48D8A144B577F00B026CB /* Sources */,
				4FB48D8B144B577F00B026CB /* Frameworks */,
				4FB48D8C144B577F00B026CB /* Resources */,
			);
			buildRules = (
			);
			dependencies = (
			);
			name = "Glitch Avatar Demo";
			productName = "Glitch Avatar Demo";
			productReference = 4FB48D8E144B577F00B026CB /* Glitch Avatar Demo.app */;
			productType = "com.apple.product-type.application";
		};
/* End PBXNativeTarget section */

/* Begin PBXProject section */
		4FB48D85144B577F00B026CB /* Project object */ = {
			isa = PBXProject;
			attributes = {
				ORGANIZATIONNAME = "Lumen Services Limited";
			};
			buildConfigurationList = 4FB48D88144B577F00B026CB /* Build configuration list for PBXProject "Glitch Avatar Demo" */;
			compatibilityVersion = "Xcode 3.2";
			developmentRegion = English;
			hasScannedForEncodings = 0;
			knownRegions = (
				en,
			);
			mainGroup = 4FB48D83144B577F00B026CB;
			productRefGroup = 4FB48D8F144B577F00B026CB /* Products */;
			projectDirPath = "";
			projectRoot = "";
			targets = (
				4FB48D8D144B577F00B026CB /* Glitch Avatar Demo */,
			);
		};
/* End PBXProject section */

/* Begin PBXResourcesBuildPhase section */
		4FB48D8C144B577F00B026CB /* Resources */ = {
			isa = PBXResourcesBuildPhase;
			buildActionMask = 2147483647;
			files = (
				4FB48D9D144B577F00B026CB /* InfoPlist.strings in Resources */,
				4FB48DA6144B577F00B026CB /* MainWindow.xib in Resources */,
				4FB48DAC144B577F00B026CB /* Glitch_Avatar_DemoViewController.xib in Resources */,
			);
			runOnlyForDeploymentPostprocessing = 0;
		};
/* End PBXResourcesBuildPhase section */

/* Begin PBXSourcesBuildPhase section */
		4FB48D8A144B577F00B026CB /* Sources */ = {
			isa = PBXSourcesBuildPhase;
			buildActionMask = 2147483647;
			files = (
				4FB48D9F144B577F00B026CB /* main.m in Sources */,
				4FB48DA3144B577F00B026CB /* Glitch_Avatar_DemoAppDelegate.m in Sources */,
				4FB48DA9144B577F00B026CB /* Glitch_Avatar_DemoViewController.m in Sources */,
			);
			runOnlyForDeploymentPostprocessing = 0;
		};
/* End PBXSourcesBuildPhase section */

/* Begin PBXVariantGroup section */
		4FB48D9B144B577F00B026CB /* InfoPlist.strings */ = {
			isa = PBXVariantGroup;
			children = (
				4FB48D9C144B577F00B026CB /* en */,
			);
			name = InfoPlist.strings;
			sourceTree = "<group>";
		};
		4FB48DA4144B577F00B026CB /* MainWindow.xib */ = {
			isa = PBXVariantGroup;
			children = (
				4FB48DA5144B577F00B026CB /* en */,
			);
			name = MainWindow.xib;
			sourceTree = "<group>";
		};
		4FB48DAA144B577F00B026CB /* Glitch_Avatar_DemoViewController.xib */ = {
			isa = PBXVariantGroup;
			children = (
				4FB48DAB144B577F00B026CB /* en */,
			);
			name = Glitch_Avatar_DemoViewController.xib;
			sourceTree = "<group>";
		};
/* End PBXVariantGroup section */

/* Begin XCBuildConfiguration section */
		4FB48DAD144B577F00B026CB /* Debug */ = {
			isa = XCBuildConfiguration;
			buildSettings = {
				ALWAYS_SEARCH_USER_PATHS = NO;
				ARCHS = "$(ARCHS_STANDARD_32_BIT)";
				"CODE_SIGN_IDENTITY[sdk=iphoneos*]" = "iPhone Developer";
				COPY_PHASE_STRIP = NO;
				GCC_C_LANGUAGE_STANDARD = gnu99;
				GCC_DYNAMIC_NO_PIC = NO;
				GCC_OPTIMIZATION_LEVEL = 0;
				GCC_PREPROCESSOR_DEFINITIONS = (
					"DEBUG=1",
					"$(inherited)",
				);
				GCC_SYMBOLS_PRIVATE_EXTERN = NO;
				GCC_VERSION = com.apple.compilers.llvmgcc42;
				GCC_WARN_ABOUT_MISSING_PROTOTYPES = YES;
				GCC_WARN_ABOUT_RETURN_TYPE = YES;
				GCC_WARN_UNUSED_VARIABLE = YES;
				IPHONEOS_DEPLOYMENT_TARGET = 4.3;
				SDKROOT = iphoneos;
			};
			name = Debug;
		};
		4FB48DAE144B577F00B026CB /* Release */ = {
			isa = XCBuildConfiguration;
			buildSettings = {
				ALWAYS_SEARCH_USER_PATHS = NO;
				ARCHS = "$(ARCHS_STANDARD_32_BIT)";
				"CODE_SIGN_IDENTITY[sdk=iphoneos*]" = "iPhone Developer";
				COPY_PHASE_STRIP = YES;
				GCC_C_LANGUAGE_STANDARD = gnu99;
				GCC_VERSION = com.apple.compilers.llvmgcc42;
				GCC_WARN_ABOUT_MISSING_PROTOTYPES = YES;
				GCC_WARN_ABOUT_RETURN_TYPE = YES;
				GCC_WARN_UNUSED_VARIABLE = YES;
				IPHONEOS_DEPLOYMENT_TARGET = 4.3;
				OTHER_CFLAGS = "-DNS_BLOCK_ASSERTIONS=1";
				SDKROOT = iphoneos;
				VALIDATE_PRODUCT = YES;
			};
			name = Release;
		};
		4FB48DB0144B577F00B026CB /* Debug */ = {
			isa = XCBuildConfiguration;
			buildSettings = {
				GCC_PRECOMPILE_PREFIX_HEADER = YES;
				GCC_PREFIX_HEADER = "Glitch Avatar Demo/Glitch Avatar Demo-Prefix.pch";
				INFOPLIST_FILE = "Glitch Avatar Demo/Glitch Avatar Demo-Info.plist";
				PRODUCT_NAME = "$(TARGET_NAME)";
				WRAPPER_EXTENSION = app;
			};
			name = Debug;
		};
		4FB48DB1144B577F00B026CB /* Release */ = {
			isa = XCBuildConfiguration;
			buildSettings = {
				GCC_PRECOMPILE_PREFIX_HEADER = YES;
				GCC_PREFIX_HEADER = "Glitch Avatar Demo/Glitch Avatar Demo-Prefix.pch";
				INFOPLIST_FILE = "Glitch Avatar Demo/Glitch Avatar Demo-Info.plist";
				PRODUCT_NAME = "$(TARGET_NAME)";
				WRAPPER_EXTENSION = app;
			};
			name = Release;
		};
/* End XCBuildConfiguration section */

/* Begin XCConfigurationList section */
		4FB48D88144B577F00B026CB /* Build configuration list for PBXProject "Glitch Avatar Demo" */ = {
			isa = XCConfigurationList;
			buildConfigurations = (
				4FB48DAD144B577F00B026CB /* Debug */,
				4FB48DAE144B577F00B026CB /* Release */,
			);
			defaultConfigurationIsVisible = 0;
			defaultConfigurationName = Release;
		};
		4FB48DAF144B577F00B026CB /* Build configuration list for PBXNativeTarget "Glitch Avatar Demo" */ = {
			isa = XCConfigurationList;
			buildConfigurations = (
				4FB48DB0144B577F00B026CB /* Debug */,
				4FB48DB1144B577F00B026CB /* Release */,
			);
			defaultConfigurationIsVisible = 0;
		};
/* End XCConfigurationList section */
	};
	rootObject = 4FB48D85144B577F00B026CB /* Project object */;
}
